{
  "object": {
    "pins": [
      {
        "package": "Bluetooth",
        "repositoryURL": "https://github.com/PureSwift/Bluetooth.git",
        "state": {
          "branch": "master",
          "revision": "437f012a15f253903515c40e2610ae6cdafacbe7",
          "version": null
        }
      },
      {
        "package": "BluetoothLinux",
        "repositoryURL": "https://github.com/PureSwift/BluetoothLinux.git",
        "state": {
          "branch": "master",
          "revision": "52078ccc6928c8f3e7712bbda052f4a927a2e5ad",
          "version": null
        }
      },
      {
        "package": "GATT",
        "repositoryURL": "https://github.com/PureSwift/GATT",
        "state": {
          "branch": "master",
          "revision": "955a19b2030e08666154f2ee52d7955f56bb6ff5",
          "version": null
        }
      },
      {
        "package": "SwiftProtobuf",
        "repositoryURL": "https://github.com/apple/swift-protobuf.git",
        "state": {
          "branch": null,
          "revision": "da75a93ac017534e0028e83c0e4fc4610d2acf48",
          "version": "1.7.0"
        }
      },
      {
        "package": "SwiftCLI",
        "repositoryURL": "https://github.com/jakeheis/SwiftCLI",
        "state": {
          "branch": null,
          "revision": "c72c4564f8c0a24700a59824880536aca45a4cae",
          "version": "6.0.1"
        }
      },
      {
        "package": "UB",
        "repositoryURL": "/Users/mwilhelm/AddressXception/ultralight-beam/UB.swift",
        "state": {
          "branch": "feature/pureswiftBluetooth",
          "revision": "f3a4b929c9c80c4bf4c95a505881acc39b5c75a4",
          "version": null
        }
      }
    ]
  },
  "version": 1
}
